
Microsoft Visual Studio Solution File, Format Version 12.00
# Visual Studio Version 17
VisualStudioVersion = 17.12.35527.113 d17.12
MinimumVisualStudioVersion = 10.0.40219.1
Project("{FAE04EC0-301F-11D3-BF4B-00C04F79EFBC}") = "Hospital.Web", "Hospital.Web.csproj", "{28755364-1B13-477F-8EF3-33FC65BA8A9A}"
EndProject
Project("{FAE04EC0-301F-11D3-BF4B-00C04F79EFBC}") = "Hospital.Models", "..\Hospital.Models\Hospital.Models.csproj", "{9B384A80-B606-4EB6-973C-229B7C1DEBDB}"
EndProject
Project("{FAE04EC0-301F-11D3-BF4B-00C04F79EFBC}") = "Hospital.ViewModels", "..\Hospital.ViewModels\Hospital.ViewModels.csproj", "{6ED6AD5F-2B27-49BC-8950-23DB92746D60}"
EndProject
Project("{FAE04EC0-301F-11D3-BF4B-00C04F79EFBC}") = "Hospital.Repositories", "..\Hospital.Repositories\Hospital.Repositories.csproj", "{7AEF7541-693B-4FC1-9529-2436CEEFA0B3}"
EndProject
Project("{FAE04EC0-301F-11D3-BF4B-00C04F79EFBC}") = "Hospital.Utilities", "..\Hospital.Utilities\Hospital.Utilities.csproj", "{81D534F4-6E7F-4D5B-838C-F49A85AF33B9}"
EndProject
Global
	GlobalSection(SolutionConfigurationPlatforms) = preSolution
		Debug|Any CPU = Debug|Any CPU
		Release|Any CPU = Release|Any CPU
	EndGlobalSection
	GlobalSection(ProjectConfigurationPlatforms) = postSolution
		{28755364-1B13-477F-8EF3-33FC65BA8A9A}.Debug|Any CPU.ActiveCfg = Debug|Any CPU
		{28755364-1B13-477F-8EF3-33FC65BA8A9A}.Debug|Any CPU.Build.0 = Debug|Any CPU
		{28755364-1B13-477F-8EF3-33FC65BA8A9A}.Release|Any CPU.ActiveCfg = Release|Any CPU
		{28755364-1B13-477F-8EF3-33FC65BA8A9A}.Release|Any CPU.Build.0 = Release|Any CPU
		{9B384A80-B606-4EB6-973C-229B7C1DEBDB}.Debug|Any CPU.ActiveCfg = Debug|Any CPU
		{9B384A80-B606-4EB6-973C-229B7C1DEBDB}.Debug|Any CPU.Build.0 = Debug|Any CPU
		{9B384A80-B606-4EB6-973C-229B7C1DEBDB}.Release|Any CPU.ActiveCfg = Release|Any CPU
		{9B384A80-B606-4EB6-973C-229B7C1DEBDB}.Release|Any CPU.Build.0 = Release|Any CPU
		{6ED6AD5F-2B27-49BC-8950-23DB92746D60}.Debug|Any CPU.ActiveCfg = Debug|Any CPU
		{6ED6AD5F-2B27-49BC-8950-23DB92746D60}.Debug|Any CPU.Build.0 = Debug|Any CPU
		{6ED6AD5F-2B27-49BC-8950-23DB92746D60}.Release|Any CPU.ActiveCfg = Release|Any CPU
		{6ED6AD5F-2B27-49BC-8950-23DB92746D60}.Release|Any CPU.Build.0 = Release|Any CPU
		{7AEF7541-693B-4FC1-9529-2436CEEFA0B3}.Debug|Any CPU.ActiveCfg = Debug|Any CPU
		{7AEF7541-693B-4FC1-9529-2436CEEFA0B3}.Debug|Any CPU.Build.0 = Debug|Any CPU
		{7AEF7541-693B-4FC1-9529-2436CEEFA0B3}.Release|Any CPU.ActiveCfg = Release|Any CPU
		{7AEF7541-693B-4FC1-9529-2436CEEFA0B3}.Release|Any CPU.Build.0 = Release|Any CPU
		{81D534F4-6E7F-4D5B-838C-F49A85AF33B9}.Debug|Any CPU.ActiveCfg = Debug|Any CPU
		{81D534F4-6E7F-4D5B-838C-F49A85AF33B9}.Debug|Any CPU.Build.0 = Debug|Any CPU
		{81D534F4-6E7F-4D5B-838C-F49A85AF33B9}.Release|Any CPU.ActiveCfg = Release|Any CPU
		{81D534F4-6E7F-4D5B-838C-F49A85AF33B9}.Release|Any CPU.Build.0 = Release|Any CPU
	EndGlobalSection
	GlobalSection(SolutionProperties) = preSolution
		HideSolutionNode = FALSE
	EndGlobalSection
EndGlobal
